
Microsoft Visual Studio Solution File, Format Version 12.00
# Visual Studio Version 17
VisualStudioVersion = 17.9.34622.214
MinimumVisualStudioVersion = 10.0.40219.1
Project("{FAE04EC0-301F-11D3-BF4B-00C04F79EFBC}") = "LeaveManagement.Web", "LeaveManagement.Web\LeaveManagement.Web.csproj", "{4561E4C5-A975-42FF-86FA-726EB0ED56D6}"
EndProject
Global
	GlobalSection(SolutionConfigurationPlatforms) = preSolution
		Debug|Any CPU = Debug|Any CPU
		Release|Any CPU = Release|Any CPU
	EndGlobalSection
	GlobalSection(ProjectConfigurationPlatforms) = postSolution
		{4561E4C5-A975-42FF-86FA-726EB0ED56D6}.Debug|Any CPU.ActiveCfg = Debug|Any CPU
		{4561E4C5-A975-42FF-86FA-726EB0ED56D6}.Debug|Any CPU.Build.0 = Debug|Any CPU
		{4561E4C5-A975-42FF-86FA-726EB0ED56D6}.Release|Any CPU.ActiveCfg = Release|Any CPU
		{4561E4C5-A975-42FF-86FA-726EB0ED56D6}.Release|Any CPU.Build.0 = Release|Any CPU
	EndGlobalSection
	GlobalSection(SolutionProperties) = preSolution
		HideSolutionNode = FALSE
	EndGlobalSection
	GlobalSection(ExtensibilityGlobals) = postSolution
		SolutionGuid = {A150DE8F-E60B-4C23-9757-11F8894BD5BB}
	EndGlobalSection
EndGlobal
